// !$*UTF8*$!
{
	archiveVersion = 1;
	classes = {
	};
	objectVersion = 56;
	objects = {

/* Begin PBXBuildFile section */
		1A31AEAE2B029D5D002F5A62 /* AppDelegate.swift in Sources */ = {isa = PBXBuildFile; fileRef = 1A31AEAD2B029D5D002F5A62 /* AppDelegate.swift */; };
		1A31AEB02B029D5D002F5A62 /* SceneDelegate.swift in Sources */ = {isa = PBXBuildFile; fileRef = 1A31AEAF2B029D5D002F5A62 /* SceneDelegate.swift */; };
		1A31AEB22B029D5D002F5A62 /* MainViewController.swift in Sources */ = {isa = PBXBuildFile; fileRef = 1A31AEB12B029D5D002F5A62 /* MainViewController.swift */; };
		1A31AEB52B029D5D002F5A62 /* Main.storyboard in Resources */ = {isa = PBXBuildFile; fileRef = 1A31AEB32B029D5D002F5A62 /* Main.storyboard */; };
		1A31AEB72B029D61002F5A62 /* Assets.xcassets in Resources */ = {isa = PBXBuildFile; fileRef = 1A31AEB62B029D61002F5A62 /* Assets.xcassets */; };
		1A31AEBA2B029D61002F5A62 /* LaunchScreen.storyboard in Resources */ = {isa = PBXBuildFile; fileRef = 1A31AEB82B029D61002F5A62 /* LaunchScreen.storyboard */; };
		1A31AEC62B039702002F5A62 /* Person.swift in Sources */ = {isa = PBXBuildFile; fileRef = 1A31AEC52B039702002F5A62 /* Person.swift */; };
		1A31AEC92B03972A002F5A62 /* Course.swift in Sources */ = {isa = PBXBuildFile; fileRef = 1A31AEC82B03972A002F5A62 /* Course.swift */; };
		1A31AECC2B0397A4002F5A62 /* CourseCell.swift in Sources */ = {isa = PBXBuildFile; fileRef = 1A31AECB2B0397A4002F5A62 /* CourseCell.swift */; };
		1A31AECE2B0397D6002F5A62 /* UserActionCell.swift in Sources */ = {isa = PBXBuildFile; fileRef = 1A31AECD2B0397D6002F5A62 /* UserActionCell.swift */; };
		1A31AED02B039893002F5A62 /* ImageViewController.swift in Sources */ = {isa = PBXBuildFile; fileRef = 1A31AECF2B039893002F5A62 /* ImageViewController.swift */; };
		1A31AED22B0398AC002F5A62 /* CoursesViewController.swift in Sources */ = {isa = PBXBuildFile; fileRef = 1A31AED12B0398AC002F5A62 /* CoursesViewController.swift */; };
		1A31AED42B03D313002F5A62 /* NetworkManager.swift in Sources */ = {isa = PBXBuildFile; fileRef = 1A31AED32B03D313002F5A62 /* NetworkManager.swift */; };
/* End PBXBuildFile section */

/* Begin PBXFileReference section */
		1A31AEAA2B029D5D002F5A62 /* NetworkingApp.app */ = {isa = PBXFileReference; explicitFileType = wrapper.application; includeInIndex = 0; path = NetworkingApp.app; sourceTree = BUILT_PRODUCTS_DIR; };
		1A31AEAD2B029D5D002F5A62 /* AppDelegate.swift */ = {isa = PBXFileReference; lastKnownFileType = sourcecode.swift; path = AppDelegate.swift; sourceTree = "<group>"; };
		1A31AEAF2B029D5D002F5A62 /* SceneDelegate.swift */ = {isa = PBXFileReference; lastKnownFileType = sourcecode.swift; path = SceneDelegate.swift; sourceTree = "<group>"; };
		1A31AEB12B029D5D002F5A62 /* MainViewController.swift */ = {isa = PBXFileReference; lastKnownFileType = sourcecode.swift; path = MainViewController.swift; sourceTree = "<group>"; };
		1A31AEB42B029D5D002F5A62 /* Base */ = {isa = PBXFileReference; lastKnownFileType = file.storyboard; name = Base; path = Base.lproj/Main.storyboard; sourceTree = "<group>"; };
		1A31AEB62B029D61002F5A62 /* Assets.xcassets */ = {isa = PBXFileReference; lastKnownFileType = folder.assetcatalog; path = Assets.xcassets; sourceTree = "<group>"; };
		1A31AEB92B029D61002F5A62 /* Base */ = {isa = PBXFileReference; lastKnownFileType = file.storyboard; name = Base; path = Base.lproj/LaunchScreen.storyboard; sourceTree = "<group>"; };
		1A31AEBB2B029D61002F5A62 /* Info.plist */ = {isa = PBXFileReference; lastKnownFileType = text.plist.xml; path = Info.plist; sourceTree = "<group>"; };
		1A31AEC52B039702002F5A62 /* Person.swift */ = {isa = PBXFileReference; lastKnownFileType = sourcecode.swift; path = Person.swift; sourceTree = "<group>"; };
		1A31AEC82B03972A002F5A62 /* Course.swift */ = {isa = PBXFileReference; lastKnownFileType = sourcecode.swift; path = Course.swift; sourceTree = "<group>"; };
		1A31AECB2B0397A4002F5A62 /* CourseCell.swift */ = {isa = PBXFileReference; lastKnownFileType = sourcecode.swift; path = CourseCell.swift; sourceTree = "<group>"; };
		1A31AECD2B0397D6002F5A62 /* UserActionCell.swift */ = {isa = PBXFileReference; lastKnownFileType = sourcecode.swift; path = UserActionCell.swift; sourceTree = "<group>"; };
		1A31AECF2B039893002F5A62 /* ImageViewController.swift */ = {isa = PBXFileReference; lastKnownFileType = sourcecode.swift; path = ImageViewController.swift; sourceTree = "<group>"; };
		1A31AED12B0398AC002F5A62 /* CoursesViewController.swift */ = {isa = PBXFileReference; lastKnownFileType = sourcecode.swift; path = CoursesViewController.swift; sourceTree = "<group>"; };
		1A31AED32B03D313002F5A62 /* NetworkManager.swift */ = {isa = PBXFileReference; lastKnownFileType = sourcecode.swift; path = NetworkManager.swift; sourceTree = "<group>"; };
/* End PBXFileReference section */

/* Begin PBXFrameworksBuildPhase section */
		1A31AEA72B029D5D002F5A62 /* Frameworks */ = {
			isa = PBXFrameworksBuildPhase;
			buildActionMask = 2147483647;
			files = (
			);
			runOnlyForDeploymentPostprocessing = 0;
		};
/* End PBXFrameworksBuildPhase section */

/* Begin PBXGroup section */
		1A31AEA12B029D5D002F5A62 = {
			isa = PBXGroup;
			children = (
				1A31AEAC2B029D5D002F5A62 /* NetworkingApp */,
				1A31AEAB2B029D5D002F5A62 /* Products */,
			);
			sourceTree = "<group>";
		};
		1A31AEAB2B029D5D002F5A62 /* Products */ = {
			isa = PBXGroup;
			children = (
				1A31AEAA2B029D5D002F5A62 /* NetworkingApp.app */,
			);
			name = Products;
			sourceTree = "<group>";
		};
		1A31AEAC2B029D5D002F5A62 /* NetworkingApp */ = {
			isa = PBXGroup;
			children = (
				1A31AED52B03D323002F5A62 /* Services */,
				1A31AEC42B0396A5002F5A62 /* ViewControllers */,
				1A31AEC72B03970B002F5A62 /* Models */,
				1A31AECA2B03976E002F5A62 /* Views */,
				1A31AEC12B039624002F5A62 /* Storyboards */,
				1A31AEC32B039667002F5A62 /* App */,
				1A31AEC22B039649002F5A62 /* Resources */,
			);
			path = NetworkingApp;
			sourceTree = "<group>";
		};
		1A31AEC12B039624002F5A62 /* Storyboards */ = {
			isa = PBXGroup;
			children = (
				1A31AEB32B029D5D002F5A62 /* Main.storyboard */,
				1A31AEB82B029D61002F5A62 /* LaunchScreen.storyboard */,
			);
			path = Storyboards;
			sourceTree = "<group>";
		};
		1A31AEC22B039649002F5A62 /* Resources */ = {
			isa = PBXGroup;
			children = (
				1A31AEB62B029D61002F5A62 /* Assets.xcassets */,
			);
			path = Resources;
			sourceTree = "<group>";
		};
		1A31AEC32B039667002F5A62 /* App */ = {
			isa = PBXGroup;
			children = (
				1A31AEAD2B029D5D002F5A62 /* AppDelegate.swift */,
				1A31AEAF2B029D5D002F5A62 /* SceneDelegate.swift */,
				1A31AEBB2B029D61002F5A62 /* Info.plist */,
			);
			path = App;
			sourceTree = "<group>";
		};
		1A31AEC42B0396A5002F5A62 /* ViewControllers */ = {
			isa = PBXGroup;
			children = (
				1A31AEB12B029D5D002F5A62 /* MainViewController.swift */,
				1A31AECF2B039893002F5A62 /* ImageViewController.swift */,
				1A31AED12B0398AC002F5A62 /* CoursesViewController.swift */,
			);
			path = ViewControllers;
			sourceTree = "<group>";
		};
		1A31AEC72B03970B002F5A62 /* Models */ = {
			isa = PBXGroup;
			children = (
				1A31AEC52B039702002F5A62 /* Person.swift */,
				1A31AEC82B03972A002F5A62 /* Course.swift */,
			);
			path = Models;
			sourceTree = "<group>";
		};
		1A31AECA2B03976E002F5A62 /* Views */ = {
			isa = PBXGroup;
			children = (
				1A31AECB2B0397A4002F5A62 /* CourseCell.swift */,
				1A31AECD2B0397D6002F5A62 /* UserActionCell.swift */,
			);
			path = Views;
			sourceTree = "<group>";
		};
		1A31AED52B03D323002F5A62 /* Services */ = {
			isa = PBXGroup;
			children = (
				1A31AED32B03D313002F5A62 /* NetworkManager.swift */,
			);
			path = Services;
			sourceTree = "<group>";
		};
/* End PBXGroup section */

/* Begin PBXNativeTarget section */
		1A31AEA92B029D5D002F5A62 /* NetworkingApp */ = {
			isa = PBXNativeTarget;
			buildConfigurationList = 1A31AEBE2B029D61002F5A62 /* Build configuration list for PBXNativeTarget "NetworkingApp" */;
			buildPhases = (
				1A31AEA62B029D5D002F5A62 /* Sources */,
				1A31AEA72B029D5D002F5A62 /* Frameworks */,
				1A31AEA82B029D5D002F5A62 /* Resources */,
			);
			buildRules = (
			);
			dependencies = (
			);
			name = NetworkingApp;
			productName = NetworkingApp;
			productReference = 1A31AEAA2B029D5D002F5A62 /* NetworkingApp.app */;
			productType = "com.apple.product-type.application";
		};
/* End PBXNativeTarget section */

/* Begin PBXProject section */
		1A31AEA22B029D5D002F5A62 /* Project object */ = {
			isa = PBXProject;
			attributes = {
				BuildIndependentTargetsInParallel = 1;
				LastSwiftUpdateCheck = 1430;
				LastUpgradeCheck = 1430;
				TargetAttributes = {
					1A31AEA92B029D5D002F5A62 = {
						CreatedOnToolsVersion = 14.3.1;
					};
				};
			};
			buildConfigurationList = 1A31AEA52B029D5D002F5A62 /* Build configuration list for PBXProject "NetworkingApp" */;
			compatibilityVersion = "Xcode 14.0";
			developmentRegion = en;
			hasScannedForEncodings = 0;
			knownRegions = (
				en,
				Base,
			);
			mainGroup = 1A31AEA12B029D5D002F5A62;
			productRefGroup = 1A31AEAB2B029D5D002F5A62 /* Products */;
			projectDirPath = "";
			projectRoot = "";
			targets = (
				1A31AEA92B029D5D002F5A62 /* NetworkingApp */,
			);
		};
/* End PBXProject section */

/* Begin PBXResourcesBuildPhase section */
		1A31AEA82B029D5D002F5A62 /* Resources */ = {
			isa = PBXResourcesBuildPhase;
			buildActionMask = 2147483647;
			files = (
				1A31AEBA2B029D61002F5A62 /* LaunchScreen.storyboard in Resources */,
				1A31AEB72B029D61002F5A62 /* Assets.xcassets in Resources */,
				1A31AEB52B029D5D002F5A62 /* Main.storyboard in Resources */,
			);
			runOnlyForDeploymentPostprocessing = 0;
		};
/* End PBXResourcesBuildPhase section */

/* Begin PBXSourcesBuildPhase section */
		1A31AEA62B029D5D002F5A62 /* Sources */ = {
			isa = PBXSourcesBuildPhase;
			buildActionMask = 2147483647;
			files = (
				1A31AECC2B0397A4002F5A62 /* CourseCell.swift in Sources */,
				1A31AECE2B0397D6002F5A62 /* UserActionCell.swift in Sources */,
				1A31AED42B03D313002F5A62 /* NetworkManager.swift in Sources */,
				1A31AEB22B029D5D002F5A62 /* MainViewController.swift in Sources */,
				1A31AEAE2B029D5D002F5A62 /* AppDelegate.swift in Sources */,
				1A31AEC92B03972A002F5A62 /* Course.swift in Sources */,
				1A31AEC62B039702002F5A62 /* Person.swift in Sources */,
				1A31AED02B039893002F5A62 /* ImageViewController.swift in Sources */,
				1A31AEB02B029D5D002F5A62 /* SceneDelegate.swift in Sources */,
				1A31AED22B0398AC002F5A62 /* CoursesViewController.swift in Sources */,
			);
			runOnlyForDeploymentPostprocessing = 0;
		};
/* End PBXSourcesBuildPhase section */

/* Begin PBXVariantGroup section */
		1A31AEB32B029D5D002F5A62 /* Main.storyboard */ = {
			isa = PBXVariantGroup;
			children = (
				1A31AEB42B029D5D002F5A62 /* Base */,
			);
			name = Main.storyboard;
			sourceTree = "<group>";
		};
		1A31AEB82B029D61002F5A62 /* LaunchScreen.storyboard */ = {
			isa = PBXVariantGroup;
			children = (
				1A31AEB92B029D61002F5A62 /* Base */,
			);
			name = LaunchScreen.storyboard;
			sourceTree = "<group>";
		};
/* End PBXVariantGroup section */

/* Begin XCBuildConfiguration section */
		1A31AEBC2B029D61002F5A62 /* Debug */ = {
			isa = XCBuildConfiguration;
			buildSettings = {
				ALWAYS_SEARCH_USER_PATHS = NO;
				CLANG_ANALYZER_NONNULL = YES;
				CLANG_ANALYZER_NUMBER_OBJECT_CONVERSION = YES_AGGRESSIVE;
				CLANG_CXX_LANGUAGE_STANDARD = "gnu++20";
				CLANG_ENABLE_MODULES = YES;
				CLANG_ENABLE_OBJC_ARC = YES;
				CLANG_ENABLE_OBJC_WEAK = YES;
				CLANG_WARN_BLOCK_CAPTURE_AUTORELEASING = YES;
				CLANG_WARN_BOOL_CONVERSION = YES;
				CLANG_WARN_COMMA = YES;
				CLANG_WARN_CONSTANT_CONVERSION = YES;
				CLANG_WARN_DEPRECATED_OBJC_IMPLEMENTATIONS = YES;
				CLANG_WARN_DIRECT_OBJC_ISA_USAGE = YES_ERROR;
				CLANG_WARN_DOCUMENTATION_COMMENTS = YES;
				CLANG_WARN_EMPTY_BODY = YES;
				CLANG_WARN_ENUM_CONVERSION = YES;
				CLANG_WARN_INFINITE_RECURSION = YES;
				CLANG_WARN_INT_CONVERSION = YES;
				CLANG_WARN_NON_LITERAL_NULL_CONVERSION = YES;
				CLANG_WARN_OBJC_IMPLICIT_RETAIN_SELF = YES;
				CLANG_WARN_OBJC_LITERAL_CONVERSION = YES;
				CLANG_WARN_OBJC_ROOT_CLASS = YES_ERROR;
				CLANG_WARN_QUOTED_INCLUDE_IN_FRAMEWORK_HEADER = YES;
				CLANG_WARN_RANGE_LOOP_ANALYSIS = YES;
				CLANG_WARN_STRICT_PROTOTYPES = YES;
				CLANG_WARN_SUSPICIOUS_MOVE = YES;
				CLANG_WARN_UNGUARDED_AVAILABILITY = YES_AGGRESSIVE;
				CLANG_WARN_UNREACHABLE_CODE = YES;
				CLANG_WARN__DUPLICATE_METHOD_MATCH = YES;
				COPY_PHASE_STRIP = NO;
				DEBUG_INFORMATION_FORMAT = dwarf;
				ENABLE_STRICT_OBJC_MSGSEND = YES;
				ENABLE_TESTABILITY = YES;
				GCC_C_LANGUAGE_STANDARD = gnu11;
				GCC_DYNAMIC_NO_PIC = NO;
				GCC_NO_COMMON_BLOCKS = YES;
				GCC_OPTIMIZATION_LEVEL = 0;
				GCC_PREPROCESSOR_DEFINITIONS = (
					"DEBUG=1",
					"$(inherited)",
				);
				GCC_WARN_64_TO_32_BIT_CONVERSION = YES;
				GCC_WARN_ABOUT_RETURN_TYPE = YES_ERROR;
				GCC_WARN_UNDECLARED_SELECTOR = YES;
				GCC_WARN_UNINITIALIZED_AUTOS = YES_AGGRESSIVE;
				GCC_WARN_UNUSED_FUNCTION = YES;
				GCC_WARN_UNUSED_VARIABLE = YES;
				IPHONEOS_DEPLOYMENT_TARGET = 16.4;
				MTL_ENABLE_DEBUG_INFO = INCLUDE_SOURCE;
				MTL_FAST_MATH = YES;
				ONLY_ACTIVE_ARCH = YES;
				SDKROOT = iphoneos;
				SWIFT_ACTIVE_COMPILATION_CONDITIONS = DEBUG;
				SWIFT_OPTIMIZATION_LEVEL = "-Onone";
			};
			name = Debug;
		};
		1A31AEBD2B029D61002F5A62 /* Release */ = {
			isa = XCBuildConfiguration;
			buildSettings = {
				ALWAYS_SEARCH_USER_PATHS = NO;
				CLANG_ANALYZER_NONNULL = YES;
				CLANG_ANALYZER_NUMBER_OBJECT_CONVERSION = YES_AGGRESSIVE;
				CLANG_CXX_LANGUAGE_STANDARD = "gnu++20";
				CLANG_ENABLE_MODULES = YES;
				CLANG_ENABLE_OBJC_ARC = YES;
				CLANG_ENABLE_OBJC_WEAK = YES;
				CLANG_WARN_BLOCK_CAPTURE_AUTORELEASING = YES;
				CLANG_WARN_BOOL_CONVERSION = YES;
				CLANG_WARN_COMMA = YES;
				CLANG_WARN_CONSTANT_CONVERSION = YES;
				CLANG_WARN_DEPRECATED_OBJC_IMPLEMENTATIONS = YES;
				CLANG_WARN_DIRECT_OBJC_ISA_USAGE = YES_ERROR;
				CLANG_WARN_DOCUMENTATION_COMMENTS = YES;
				CLANG_WARN_EMPTY_BODY = YES;
				CLANG_WARN_ENUM_CONVERSION = YES;
				CLANG_WARN_INFINITE_RECURSION = YES;
				CLANG_WARN_INT_CONVERSION = YES;
				CLANG_WARN_NON_LITERAL_NULL_CONVERSION = YES;
				CLANG_WARN_OBJC_IMPLICIT_RETAIN_SELF = YES;
				CLANG_WARN_OBJC_LITERAL_CONVERSION = YES;
				CLANG_WARN_OBJC_ROOT_CLASS = YES_ERROR;
				CLANG_WARN_QUOTED_INCLUDE_IN_FRAMEWORK_HEADER = YES;
				CLANG_WARN_RANGE_LOOP_ANALYSIS = YES;
				CLANG_WARN_STRICT_PROTOTYPES = YES;
				CLANG_WARN_SUSPICIOUS_MOVE = YES;
				CLANG_WARN_UNGUARDED_AVAILABILITY = YES_AGGRESSIVE;
				CLANG_WARN_UNREACHABLE_CODE = YES;
				CLANG_WARN__DUPLICATE_METHOD_MATCH = YES;
				COPY_PHASE_STRIP = NO;
				DEBUG_INFORMATION_FORMAT = "dwarf-with-dsym";
				ENABLE_NS_ASSERTIONS = NO;
				ENABLE_STRICT_OBJC_MSGSEND = YES;
				GCC_C_LANGUAGE_STANDARD = gnu11;
				GCC_NO_COMMON_BLOCKS = YES;
				GCC_WARN_64_TO_32_BIT_CONVERSION = YES;
				GCC_WARN_ABOUT_RETURN_TYPE = YES_ERROR;
				GCC_WARN_UNDECLARED_SELECTOR = YES;
				GCC_WARN_UNINITIALIZED_AUTOS = YES_AGGRESSIVE;
				GCC_WARN_UNUSED_FUNCTION = YES;
				GCC_WARN_UNUSED_VARIABLE = YES;
				IPHONEOS_DEPLOYMENT_TARGET = 16.4;
				MTL_ENABLE_DEBUG_INFO = NO;
				MTL_FAST_MATH = YES;
				SDKROOT = iphoneos;
				SWIFT_COMPILATION_MODE = wholemodule;
				SWIFT_OPTIMIZATION_LEVEL = "-O";
				VALIDATE_PRODUCT = YES;
			};
			name = Release;
		};
		1A31AEBF2B029D61002F5A62 /* Debug */ = {
			isa = XCBuildConfiguration;
			buildSettings = {
				ASSETCATALOG_COMPILER_APPICON_NAME = AppIcon;
				ASSETCATALOG_COMPILER_GLOBAL_ACCENT_COLOR_NAME = AccentColor;
				CODE_SIGN_STYLE = Automatic;
				CURRENT_PROJECT_VERSION = 1;
				DEVELOPMENT_TEAM = KZZGK78Y3X;
				GENERATE_INFOPLIST_FILE = YES;
				INFOPLIST_FILE = NetworkingApp/App/Info.plist;
				INFOPLIST_KEY_UIApplicationSupportsIndirectInputEvents = YES;
				INFOPLIST_KEY_UILaunchStoryboardName = LaunchScreen;
				INFOPLIST_KEY_UIMainStoryboardFile = Main;
				INFOPLIST_KEY_UISupportedInterfaceOrientations_iPad = "UIInterfaceOrientationPortrait UIInterfaceOrientationPortraitUpsideDown UIInterfaceOrientationLandscapeLeft UIInterfaceOrientationLandscapeRight";
				INFOPLIST_KEY_UISupportedInterfaceOrientations_iPhone = "UIInterfaceOrientationPortrait UIInterfaceOrientationLandscapeLeft UIInterfaceOrientationLandscapeRight";
				IPHONEOS_DEPLOYMENT_TARGET = 15.0;
				LD_RUNPATH_SEARCH_PATHS = (
					"$(inherited)",
					"@executable_path/Frameworks",
				);
				MARKETING_VERSION = 1.0;
				PRODUCT_BUNDLE_IDENTIFIER = com.alexeidemin.NetworkingApp;
				PRODUCT_NAME = "$(TARGET_NAME)";
				SUPPORTED_PLATFORMS = "iphoneos iphonesimulator";
				SUPPORTS_MACCATALYST = NO;
				SUPPORTS_MAC_DESIGNED_FOR_IPHONE_IPAD = NO;
				SWIFT_EMIT_LOC_STRINGS = YES;
				SWIFT_VERSION = 5.0;
				TARGETED_DEVICE_FAMILY = 1;
			};
			name = Debug;
		};
		1A31AEC02B029D61002F5A62 /* Release */ = {
			isa = XCBuildConfiguration;
			buildSettings = {
				ASSETCATALOG_COMPILER_APPICON_NAME = AppIcon;
				ASSETCATALOG_COMPILER_GLOBAL_ACCENT_COLOR_NAME = AccentColor;
				CODE_SIGN_STYLE = Automatic;
				CURRENT_PROJECT_VERSION = 1;
				DEVELOPMENT_TEAM = KZZGK78Y3X;
				GENERATE_INFOPLIST_FILE = YES;
				INFOPLIST_FILE = NetworkingApp/App/Info.plist;
				INFOPLIST_KEY_UIApplicationSupportsIndirectInputEvents = YES;
				INFOPLIST_KEY_UILaunchStoryboardName = LaunchScreen;
				INFOPLIST_KEY_UIMainStoryboardFile = Main;
				INFOPLIST_KEY_UISupportedInterfaceOrientations_iPad = "UIInterfaceOrientationPortrait UIInterfaceOrientationPortraitUpsideDown UIInterfaceOrientationLandscapeLeft UIInterfaceOrientationLandscapeRight";
				INFOPLIST_KEY_UISupportedInterfaceOrientations_iPhone = "UIInterfaceOrientationPortrait UIInterfaceOrientationLandscapeLeft UIInterfaceOrientationLandscapeRight";
				IPHONEOS_DEPLOYMENT_TARGET = 15.0;
				LD_RUNPATH_SEARCH_PATHS = (
					"$(inherited)",
					"@executable_path/Frameworks",
				);
				MARKETING_VERSION = 1.0;
				PRODUCT_BUNDLE_IDENTIFIER = com.alexeidemin.NetworkingApp;
				PRODUCT_NAME = "$(TARGET_NAME)";
				SUPPORTED_PLATFORMS = "iphoneos iphonesimulator";
				SUPPORTS_MACCATALYST = NO;
				SUPPORTS_MAC_DESIGNED_FOR_IPHONE_IPAD = NO;
				SWIFT_EMIT_LOC_STRINGS = YES;
				SWIFT_VERSION = 5.0;
				TARGETED_DEVICE_FAMILY = 1;
			};
			name = Release;
		};
/* End XCBuildConfiguration section */

/* Begin XCConfigurationList section */
		1A31AEA52B029D5D002F5A62 /* Build configuration list for PBXProject "NetworkingApp" */ = {
			isa = XCConfigurationList;
			buildConfigurations = (
				1A31AEBC2B029D61002F5A62 /* Debug */,
				1A31AEBD2B029D61002F5A62 /* Release */,
			);
			defaultConfigurationIsVisible = 0;
			defaultConfigurationName = Release;
		};
		1A31AEBE2B029D61002F5A62 /* Build configuration list for PBXNativeTarget "NetworkingApp" */ = {
			isa = XCConfigurationList;
			buildConfigurations = (
				1A31AEBF2B029D61002F5A62 /* Debug */,
				1A31AEC02B029D61002F5A62 /* Release */,
			);
			defaultConfigurationIsVisible = 0;
			defaultConfigurationName = Release;
		};
/* End XCConfigurationList section */
	};
	rootObject = 1A31AEA22B029D5D002F5A62 /* Project object */;
}
